
Microsoft Visual Studio Solution File, Format Version 12.00
# Visual Studio Version 17
VisualStudioVersion = 17.8.34330.188
MinimumVisualStudioVersion = 10.0.40219.1
Project("{9A19103F-16F7-4668-BE54-9A1E7A4F7556}") = "SimpleWS-Server", "SimpleWS-Server\SimpleWS-Server.csproj", "{B588C0C9-A436-48D9-9346-4A5A3AF2280E}"
EndProject
Project("{9A19103F-16F7-4668-BE54-9A1E7A4F7556}") = "SimpleWS-Client", "SimpleWS-Client\SimpleWS-Client.csproj", "{76566908-D81C-47DC-BA11-D2201409CAAA}"
EndProject
Project("{FAE04EC0-301F-11D3-BF4B-00C04F79EFBC}") = "WebSocketSample.Common", "WebSocketSample.Common\WebSocketSample.Common.csproj", "{17DB0237-0020-4902-A80D-828E64F3F68B}"
EndProject
Global
	GlobalSection(SolutionConfigurationPlatforms) = preSolution
		Debug|Any CPU = Debug|Any CPU
		Debug|ARM = Debug|ARM
		Debug|ARM64 = Debug|ARM64
		Debug|x64 = Debug|x64
		Debug|x86 = Debug|x86
		Release|Any CPU = Release|Any CPU
		Release|ARM = Release|ARM
		Release|ARM64 = Release|ARM64
		Release|x64 = Release|x64
		Release|x86 = Release|x86
	EndGlobalSection
	GlobalSection(ProjectConfigurationPlatforms) = postSolution
		{B588C0C9-A436-48D9-9346-4A5A3AF2280E}.Debug|Any CPU.ActiveCfg = Debug|Any CPU
		{B588C0C9-A436-48D9-9346-4A5A3AF2280E}.Debug|Any CPU.Build.0 = Debug|Any CPU
		{B588C0C9-A436-48D9-9346-4A5A3AF2280E}.Debug|ARM.ActiveCfg = Debug|Any CPU
		{B588C0C9-A436-48D9-9346-4A5A3AF2280E}.Debug|ARM.Build.0 = Debug|Any CPU
		{B588C0C9-A436-48D9-9346-4A5A3AF2280E}.Debug|ARM64.ActiveCfg = Debug|Any CPU
		{B588C0C9-A436-48D9-9346-4A5A3AF2280E}.Debug|ARM64.Build.0 = Debug|Any CPU
		{B588C0C9-A436-48D9-9346-4A5A3AF2280E}.Debug|x64.ActiveCfg = Debug|Any CPU
		{B588C0C9-A436-48D9-9346-4A5A3AF2280E}.Debug|x64.Build.0 = Debug|Any CPU
		{B588C0C9-A436-48D9-9346-4A5A3AF2280E}.Debug|x86.ActiveCfg = Debug|Any CPU
		{B588C0C9-A436-48D9-9346-4A5A3AF2280E}.Debug|x86.Build.0 = Debug|Any CPU
		{B588C0C9-A436-48D9-9346-4A5A3AF2280E}.Release|Any CPU.ActiveCfg = Release|Any CPU
		{B588C0C9-A436-48D9-9346-4A5A3AF2280E}.Release|Any CPU.Build.0 = Release|Any CPU
		{B588C0C9-A436-48D9-9346-4A5A3AF2280E}.Release|ARM.ActiveCfg = Release|Any CPU
		{B588C0C9-A436-48D9-9346-4A5A3AF2280E}.Release|ARM.Build.0 = Release|Any CPU
		{B588C0C9-A436-48D9-9346-4A5A3AF2280E}.Release|ARM64.ActiveCfg = Release|Any CPU
		{B588C0C9-A436-48D9-9346-4A5A3AF2280E}.Release|ARM64.Build.0 = Release|Any CPU
		{B588C0C9-A436-48D9-9346-4A5A3AF2280E}.Release|x64.ActiveCfg = Release|Any CPU
		{B588C0C9-A436-48D9-9346-4A5A3AF2280E}.Release|x64.Build.0 = Release|Any CPU
		{B588C0C9-A436-48D9-9346-4A5A3AF2280E}.Release|x86.ActiveCfg = Release|Any CPU
		{B588C0C9-A436-48D9-9346-4A5A3AF2280E}.Release|x86.Build.0 = Release|Any CPU
		{76566908-D81C-47DC-BA11-D2201409CAAA}.Debug|Any CPU.ActiveCfg = Debug|Any CPU
		{76566908-D81C-47DC-BA11-D2201409CAAA}.Debug|Any CPU.Build.0 = Debug|Any CPU
		{76566908-D81C-47DC-BA11-D2201409CAAA}.Debug|ARM.ActiveCfg = Debug|Any CPU
		{76566908-D81C-47DC-BA11-D2201409CAAA}.Debug|ARM.Build.0 = Debug|Any CPU
		{76566908-D81C-47DC-BA11-D2201409CAAA}.Debug|ARM64.ActiveCfg = Debug|Any CPU
		{76566908-D81C-47DC-BA11-D2201409CAAA}.Debug|ARM64.Build.0 = Debug|Any CPU
		{76566908-D81C-47DC-BA11-D2201409CAAA}.Debug|x64.ActiveCfg = Debug|Any CPU
		{76566908-D81C-47DC-BA11-D2201409CAAA}.Debug|x64.Build.0 = Debug|Any CPU
		{76566908-D81C-47DC-BA11-D2201409CAAA}.Debug|x86.ActiveCfg = Debug|Any CPU
		{76566908-D81C-47DC-BA11-D2201409CAAA}.Debug|x86.Build.0 = Debug|Any CPU
		{76566908-D81C-47DC-BA11-D2201409CAAA}.Release|Any CPU.ActiveCfg = Release|Any CPU
		{76566908-D81C-47DC-BA11-D2201409CAAA}.Release|Any CPU.Build.0 = Release|Any CPU
		{76566908-D81C-47DC-BA11-D2201409CAAA}.Release|ARM.ActiveCfg = Release|Any CPU
		{76566908-D81C-47DC-BA11-D2201409CAAA}.Release|ARM.Build.0 = Release|Any CPU
		{76566908-D81C-47DC-BA11-D2201409CAAA}.Release|ARM64.ActiveCfg = Release|Any CPU
		{76566908-D81C-47DC-BA11-D2201409CAAA}.Release|ARM64.Build.0 = Release|Any CPU
		{76566908-D81C-47DC-BA11-D2201409CAAA}.Release|x64.ActiveCfg = Release|Any CPU
		{76566908-D81C-47DC-BA11-D2201409CAAA}.Release|x64.Build.0 = Release|Any CPU
		{76566908-D81C-47DC-BA11-D2201409CAAA}.Release|x86.ActiveCfg = Release|Any CPU
		{76566908-D81C-47DC-BA11-D2201409CAAA}.Release|x86.Build.0 = Release|Any CPU
		{17DB0237-0020-4902-A80D-828E64F3F68B}.Debug|Any CPU.ActiveCfg = Debug|Any CPU
		{17DB0237-0020-4902-A80D-828E64F3F68B}.Debug|Any CPU.Build.0 = Debug|Any CPU
		{17DB0237-0020-4902-A80D-828E64F3F68B}.Debug|ARM.ActiveCfg = Debug|Any CPU
		{17DB0237-0020-4902-A80D-828E64F3F68B}.Debug|ARM.Build.0 = Debug|Any CPU
		{17DB0237-0020-4902-A80D-828E64F3F68B}.Debug|ARM64.ActiveCfg = Debug|Any CPU
		{17DB0237-0020-4902-A80D-828E64F3F68B}.Debug|ARM64.Build.0 = Debug|Any CPU
		{17DB0237-0020-4902-A80D-828E64F3F68B}.Debug|x64.ActiveCfg = Debug|Any CPU
		{17DB0237-0020-4902-A80D-828E64F3F68B}.Debug|x64.Build.0 = Debug|Any CPU
		{17DB0237-0020-4902-A80D-828E64F3F68B}.Debug|x86.ActiveCfg = Debug|Any CPU
		{17DB0237-0020-4902-A80D-828E64F3F68B}.Debug|x86.Build.0 = Debug|Any CPU
		{17DB0237-0020-4902-A80D-828E64F3F68B}.Release|Any CPU.ActiveCfg = Release|Any CPU
		{17DB0237-0020-4902-A80D-828E64F3F68B}.Release|Any CPU.Build.0 = Release|Any CPU
		{17DB0237-0020-4902-A80D-828E64F3F68B}.Release|ARM.ActiveCfg = Release|Any CPU
		{17DB0237-0020-4902-A80D-828E64F3F68B}.Release|ARM.Build.0 = Release|Any CPU
		{17DB0237-0020-4902-A80D-828E64F3F68B}.Release|ARM64.ActiveCfg = Release|Any CPU
		{17DB0237-0020-4902-A80D-828E64F3F68B}.Release|ARM64.Build.0 = Release|Any CPU
		{17DB0237-0020-4902-A80D-828E64F3F68B}.Release|x64.ActiveCfg = Release|Any CPU
		{17DB0237-0020-4902-A80D-828E64F3F68B}.Release|x64.Build.0 = Release|Any CPU
		{17DB0237-0020-4902-A80D-828E64F3F68B}.Release|x86.ActiveCfg = Release|Any CPU
		{17DB0237-0020-4902-A80D-828E64F3F68B}.Release|x86.Build.0 = Release|Any CPU
	EndGlobalSection
	GlobalSection(SolutionProperties) = preSolution
		HideSolutionNode = FALSE
	EndGlobalSection
	GlobalSection(ExtensibilityGlobals) = postSolution
		SolutionGuid = {1C7E432A-56F7-4D93-8DBD-12753CB83D8B}
	EndGlobalSection
EndGlobal
